
Microsoft Visual Studio Solution File, Format Version 12.00
# Visual Studio 15
VisualStudioVersion = 15.0.26403.7
MinimumVisualStudioVersion = 10.0.40219.1
Project("{FAE04EC0-301F-11D3-BF4B-00C04F79EFBC}") = "CodeMonk", "CodeMonk\CodeMonk.csproj", "{CB1F366C-88EF-4EC5-A4FF-E3A772632925}"
EndProject
Project("{2150E333-8FDC-42A3-9474-1A3956D46DE8}") = "Basic Programming", "Basic Programming", "{E899FC08-DB09-4E6C-AB02-DB3760B00BB4}"
EndProject
Project("{FAE04EC0-301F-11D3-BF4B-00C04F79EFBC}") = "TestApp1", "TestApp1\TestApp1.csproj", "{A092EAED-22DA-46E0-AC74-AC0B9E4A7B0C}"
EndProject
Project("{FAE04EC0-301F-11D3-BF4B-00C04F79EFBC}") = "Test2", "Test2\Test2.csproj", "{B779F161-3857-48D3-B3F5-98C86B8C92D3}"
EndProject
Project("{FAE04EC0-301F-11D3-BF4B-00C04F79EFBC}") = "ConsoleApp3", "ConsoleApp3\ConsoleApp3.csproj", "{EA1EE4E3-4373-4B15-83A7-89B909329EE4}"
EndProject
Global
	GlobalSection(SolutionConfigurationPlatforms) = preSolution
		Debug|Any CPU = Debug|Any CPU
		Release|Any CPU = Release|Any CPU
	EndGlobalSection
	GlobalSection(ProjectConfigurationPlatforms) = postSolution
		{CB1F366C-88EF-4EC5-A4FF-E3A772632925}.Debug|Any CPU.ActiveCfg = Debug|Any CPU
		{CB1F366C-88EF-4EC5-A4FF-E3A772632925}.Debug|Any CPU.Build.0 = Debug|Any CPU
		{CB1F366C-88EF-4EC5-A4FF-E3A772632925}.Release|Any CPU.ActiveCfg = Release|Any CPU
		{CB1F366C-88EF-4EC5-A4FF-E3A772632925}.Release|Any CPU.Build.0 = Release|Any CPU
		{A092EAED-22DA-46E0-AC74-AC0B9E4A7B0C}.Debug|Any CPU.ActiveCfg = Debug|Any CPU
		{A092EAED-22DA-46E0-AC74-AC0B9E4A7B0C}.Debug|Any CPU.Build.0 = Debug|Any CPU
		{A092EAED-22DA-46E0-AC74-AC0B9E4A7B0C}.Release|Any CPU.ActiveCfg = Release|Any CPU
		{A092EAED-22DA-46E0-AC74-AC0B9E4A7B0C}.Release|Any CPU.Build.0 = Release|Any CPU
		{B779F161-3857-48D3-B3F5-98C86B8C92D3}.Debug|Any CPU.ActiveCfg = Debug|Any CPU
		{B779F161-3857-48D3-B3F5-98C86B8C92D3}.Debug|Any CPU.Build.0 = Debug|Any CPU
		{B779F161-3857-48D3-B3F5-98C86B8C92D3}.Release|Any CPU.ActiveCfg = Release|Any CPU
		{B779F161-3857-48D3-B3F5-98C86B8C92D3}.Release|Any CPU.Build.0 = Release|Any CPU
		{EA1EE4E3-4373-4B15-83A7-89B909329EE4}.Debug|Any CPU.ActiveCfg = Debug|Any CPU
		{EA1EE4E3-4373-4B15-83A7-89B909329EE4}.Debug|Any CPU.Build.0 = Debug|Any CPU
		{EA1EE4E3-4373-4B15-83A7-89B909329EE4}.Release|Any CPU.ActiveCfg = Release|Any CPU
		{EA1EE4E3-4373-4B15-83A7-89B909329EE4}.Release|Any CPU.Build.0 = Release|Any CPU
	EndGlobalSection
	GlobalSection(SolutionProperties) = preSolution
		HideSolutionNode = FALSE
	EndGlobalSection
	GlobalSection(NestedProjects) = preSolution
		{A092EAED-22DA-46E0-AC74-AC0B9E4A7B0C} = {E899FC08-DB09-4E6C-AB02-DB3760B00BB4}
		{B779F161-3857-48D3-B3F5-98C86B8C92D3} = {E899FC08-DB09-4E6C-AB02-DB3760B00BB4}
		{EA1EE4E3-4373-4B15-83A7-89B909329EE4} = {E899FC08-DB09-4E6C-AB02-DB3760B00BB4}
	EndGlobalSection
EndGlobal
